
Microsoft Visual Studio Solution File, Format Version 12.00
# Visual Studio Version 17
VisualStudioVersion = 17.13.35806.99 d17.13
MinimumVisualStudioVersion = 10.0.40219.1
Project("{FAE04EC0-301F-11D3-BF4B-00C04F79EFBC}") = "K21CNT2_2110900055_DATN", "K21CNT2_2110900055_DATN\K21CNT2_2110900055_DATN.csproj", "{FC17B0D2-734A-4CB4-AB0F-2F84EFE7CEDB}"
EndProject
Global
	GlobalSection(SolutionConfigurationPlatforms) = preSolution
		Debug|Any CPU = Debug|Any CPU
		Release|Any CPU = Release|Any CPU
	EndGlobalSection
	GlobalSection(ProjectConfigurationPlatforms) = postSolution
		{FC17B0D2-734A-4CB4-AB0F-2F84EFE7CEDB}.Debug|Any CPU.ActiveCfg = Debug|Any CPU
		{FC17B0D2-734A-4CB4-AB0F-2F84EFE7CEDB}.Debug|Any CPU.Build.0 = Debug|Any CPU
		{FC17B0D2-734A-4CB4-AB0F-2F84EFE7CEDB}.Release|Any CPU.ActiveCfg = Release|Any CPU
		{FC17B0D2-734A-4CB4-AB0F-2F84EFE7CEDB}.Release|Any CPU.Build.0 = Release|Any CPU
	EndGlobalSection
	GlobalSection(SolutionProperties) = preSolution
		HideSolutionNode = FALSE
	EndGlobalSection
	GlobalSection(ExtensibilityGlobals) = postSolution
		SolutionGuid = {79BE894E-F1FD-41E3-832E-57850D56565D}
	EndGlobalSection
EndGlobal
